
Microsoft Visual Studio Solution File, Format Version 12.00
# Visual Studio Version 17
VisualStudioVersion = 17.11.35327.3
MinimumVisualStudioVersion = 10.0.40219.1
Project("{FAE04EC0-301F-11D3-BF4B-00C04F79EFBC}") = "BlazorApp9", "BlazorApp9.csproj", "{923D80E2-5E6C-4AE3-89CE-AC9F78653069}"
EndProject
Global
	GlobalSection(SolutionConfigurationPlatforms) = preSolution
		Debug|Any CPU = Debug|Any CPU
		Release|Any CPU = Release|Any CPU
	EndGlobalSection
	GlobalSection(ProjectConfigurationPlatforms) = postSolution
		{923D80E2-5E6C-4AE3-89CE-AC9F78653069}.Debug|Any CPU.ActiveCfg = Debug|Any CPU
		{923D80E2-5E6C-4AE3-89CE-AC9F78653069}.Debug|Any CPU.Build.0 = Debug|Any CPU
		{923D80E2-5E6C-4AE3-89CE-AC9F78653069}.Release|Any CPU.ActiveCfg = Release|Any CPU
		{923D80E2-5E6C-4AE3-89CE-AC9F78653069}.Release|Any CPU.Build.0 = Release|Any CPU
	EndGlobalSection
	GlobalSection(SolutionProperties) = preSolution
		HideSolutionNode = FALSE
	EndGlobalSection
	GlobalSection(ExtensibilityGlobals) = postSolution
		SolutionGuid = {58EE9A7F-FA49-481C-BCC1-6075373CEE6D}
	EndGlobalSection
EndGlobal
